// !$*UTF8*$!
{
	archiveVersion = 1;
	classes = {
	};
	objectVersion = 56;
	objects = {

/* Begin PBXBuildFile section */
		2FB9DA122B9BABDD00811848 /* Localizable.xcstrings in Resources */ = {isa = PBXBuildFile; fileRef = 2FB9DA112B9BABDC00811848 /* Localizable.xcstrings */; };
		2FB9DA142B9C702600811848 /* InfoPlist.xcstrings in Resources */ = {isa = PBXBuildFile; fileRef = 2FB9DA132B9C702600811848 /* InfoPlist.xcstrings */; };
		2FB9DA162B9E0FF400811848 /* ApplicationMenu.swift in Sources */ = {isa = PBXBuildFile; fileRef = 2FB9DA152B9E0FF400811848 /* ApplicationMenu.swift */; };
		2FF1F30C2B949A0E002BDF85 /* SharecordApp.swift in Sources */ = {isa = PBXBuildFile; fileRef = 2FF1F30B2B949A0E002BDF85 /* SharecordApp.swift */; };
		2FF1F3102B949A0F002BDF85 /* Assets.xcassets in Resources */ = {isa = PBXBuildFile; fileRef = 2FF1F30F2B949A0F002BDF85 /* Assets.xcassets */; };
		2FF1F3132B949A0F002BDF85 /* Preview Assets.xcassets in Resources */ = {isa = PBXBuildFile; fileRef = 2FF1F3122B949A0F002BDF85 /* Preview Assets.xcassets */; };
		2FF1F31C2B949DE3002BDF85 /* MenuView.swift in Sources */ = {isa = PBXBuildFile; fileRef = 2FF1F31B2B949DE3002BDF85 /* MenuView.swift */; };
/* End PBXBuildFile section */

/* Begin PBXFileReference section */
		2FB9DA112B9BABDC00811848 /* Localizable.xcstrings */ = {isa = PBXFileReference; lastKnownFileType = text.json.xcstrings; path = Localizable.xcstrings; sourceTree = "<group>"; };
		2FB9DA132B9C702600811848 /* InfoPlist.xcstrings */ = {isa = PBXFileReference; lastKnownFileType = text.json.xcstrings; path = InfoPlist.xcstrings; sourceTree = "<group>"; };
		2FB9DA152B9E0FF400811848 /* ApplicationMenu.swift */ = {isa = PBXFileReference; lastKnownFileType = sourcecode.swift; path = ApplicationMenu.swift; sourceTree = "<group>"; };
		2FF1F3082B949A0E002BDF85 /* Sharecord.app */ = {isa = PBXFileReference; explicitFileType = wrapper.application; includeInIndex = 0; path = Sharecord.app; sourceTree = BUILT_PRODUCTS_DIR; };
		2FF1F30B2B949A0E002BDF85 /* SharecordApp.swift */ = {isa = PBXFileReference; lastKnownFileType = sourcecode.swift; path = SharecordApp.swift; sourceTree = "<group>"; };
		2FF1F30F2B949A0F002BDF85 /* Assets.xcassets */ = {isa = PBXFileReference; lastKnownFileType = folder.assetcatalog; path = Assets.xcassets; sourceTree = "<group>"; };
		2FF1F3122B949A0F002BDF85 /* Preview Assets.xcassets */ = {isa = PBXFileReference; lastKnownFileType = folder.assetcatalog; path = "Preview Assets.xcassets"; sourceTree = "<group>"; };
		2FF1F3142B949A0F002BDF85 /* Sharecord.entitlements */ = {isa = PBXFileReference; lastKnownFileType = text.plist.entitlements; path = Sharecord.entitlements; sourceTree = "<group>"; };
		2FF1F31B2B949DE3002BDF85 /* MenuView.swift */ = {isa = PBXFileReference; lastKnownFileType = sourcecode.swift; path = MenuView.swift; sourceTree = "<group>"; };
/* End PBXFileReference section */

/* Begin PBXFrameworksBuildPhase section */
		2FF1F3052B949A0E002BDF85 /* Frameworks */ = {
			isa = PBXFrameworksBuildPhase;
			buildActionMask = 2147483647;
			files = (
			);
			runOnlyForDeploymentPostprocessing = 0;
		};
/* End PBXFrameworksBuildPhase section */

/* Begin PBXGroup section */
		2FF1F2FF2B949A0E002BDF85 = {
			isa = PBXGroup;
			children = (
				2FF1F30A2B949A0E002BDF85 /* Sharecord */,
				2FF1F3092B949A0E002BDF85 /* Products */,
			);
			sourceTree = "<group>";
		};
		2FF1F3092B949A0E002BDF85 /* Products */ = {
			isa = PBXGroup;
			children = (
				2FF1F3082B949A0E002BDF85 /* Sharecord.app */,
			);
			name = Products;
			sourceTree = "<group>";
		};
		2FF1F30A2B949A0E002BDF85 /* Sharecord */ = {
			isa = PBXGroup;
			children = (
				2FF1F31A2B949DC8002BDF85 /* Menu */,
				2FF1F30B2B949A0E002BDF85 /* SharecordApp.swift */,
				2FF1F30F2B949A0F002BDF85 /* Assets.xcassets */,
				2FF1F3142B949A0F002BDF85 /* Sharecord.entitlements */,
				2FF1F3112B949A0F002BDF85 /* Preview Content */,
				2FB9DA112B9BABDC00811848 /* Localizable.xcstrings */,
				2FB9DA132B9C702600811848 /* InfoPlist.xcstrings */,
				2FB9DA152B9E0FF400811848 /* ApplicationMenu.swift */,
			);
			path = Sharecord;
			sourceTree = "<group>";
		};
		2FF1F3112B949A0F002BDF85 /* Preview Content */ = {
			isa = PBXGroup;
			children = (
				2FF1F3122B949A0F002BDF85 /* Preview Assets.xcassets */,
			);
			path = "Preview Content";
			sourceTree = "<group>";
		};
		2FF1F31A2B949DC8002BDF85 /* Menu */ = {
			isa = PBXGroup;
			children = (
				2FF1F31B2B949DE3002BDF85 /* MenuView.swift */,
			);
			path = Menu;
			sourceTree = "<group>";
		};
/* End PBXGroup section */

/* Begin PBXNativeTarget section */
		2FF1F3072B949A0E002BDF85 /* Sharecord */ = {
			isa = PBXNativeTarget;
			buildConfigurationList = 2FF1F3172B949A0F002BDF85 /* Build configuration list for PBXNativeTarget "Sharecord" */;
			buildPhases = (
				2FF1F3042B949A0E002BDF85 /* Sources */,
				2FF1F3052B949A0E002BDF85 /* Frameworks */,
				2FF1F3062B949A0E002BDF85 /* Resources */,
				2FB9DA102B9B7DF200811848 /* ShellScript */,
			);
			buildRules = (
			);
			dependencies = (
			);
			name = Sharecord;
			productName = Sharecord;
			productReference = 2FF1F3082B949A0E002BDF85 /* Sharecord.app */;
			productType = "com.apple.product-type.application";
		};
/* End PBXNativeTarget section */

/* Begin PBXProject section */
		2FF1F3002B949A0E002BDF85 /* Project object */ = {
			isa = PBXProject;
			attributes = {
				BuildIndependentTargetsInParallel = 1;
				LastSwiftUpdateCheck = 1500;
				LastUpgradeCheck = 1500;
				TargetAttributes = {
					2FF1F3072B949A0E002BDF85 = {
						CreatedOnToolsVersion = 15.0.1;
					};
				};
			};
			buildConfigurationList = 2FF1F3032B949A0E002BDF85 /* Build configuration list for PBXProject "Sharecord" */;
			compatibilityVersion = "Xcode 14.0";
			developmentRegion = en;
			hasScannedForEncodings = 0;
			knownRegions = (
				en,
				Base,
				de,
				it,
				fr,
			);
			mainGroup = 2FF1F2FF2B949A0E002BDF85;
			productRefGroup = 2FF1F3092B949A0E002BDF85 /* Products */;
			projectDirPath = "";
			projectRoot = "";
			targets = (
				2FF1F3072B949A0E002BDF85 /* Sharecord */,
			);
		};
/* End PBXProject section */

/* Begin PBXResourcesBuildPhase section */
		2FF1F3062B949A0E002BDF85 /* Resources */ = {
			isa = PBXResourcesBuildPhase;
			buildActionMask = 2147483647;
			files = (
				2FF1F3132B949A0F002BDF85 /* Preview Assets.xcassets in Resources */,
				2FF1F3102B949A0F002BDF85 /* Assets.xcassets in Resources */,
				2FB9DA142B9C702600811848 /* InfoPlist.xcstrings in Resources */,
				2FB9DA122B9BABDD00811848 /* Localizable.xcstrings in Resources */,
			);
			runOnlyForDeploymentPostprocessing = 0;
		};
/* End PBXResourcesBuildPhase section */

/* Begin PBXShellScriptBuildPhase section */
		2FB9DA102B9B7DF200811848 /* ShellScript */ = {
			isa = PBXShellScriptBuildPhase;
			buildActionMask = 2147483647;
			files = (
			);
			inputFileListPaths = (
			);
			inputPaths = (
			);
			outputFileListPaths = (
			);
			outputPaths = (
			);
			runOnlyForDeploymentPostprocessing = 0;
			shellPath = /bin/sh;
			shellScript = "if [[ \"$(uname -m)\" == arm64 ]]; then\n    export PATH=\"/opt/homebrew/bin:$PATH\"\nfi\n\nif which swiftlint > /dev/null; then\n  swiftlint\nelse\n  echo \"warning: SwiftLint not installed, download from https://github.com/realm/SwiftLint\"\nfi\n";
		};
/* End PBXShellScriptBuildPhase section */

/* Begin PBXSourcesBuildPhase section */
		2FF1F3042B949A0E002BDF85 /* Sources */ = {
			isa = PBXSourcesBuildPhase;
			buildActionMask = 2147483647;
			files = (
				2FB9DA162B9E0FF400811848 /* ApplicationMenu.swift in Sources */,
				2FF1F31C2B949DE3002BDF85 /* MenuView.swift in Sources */,
				2FF1F30C2B949A0E002BDF85 /* SharecordApp.swift in Sources */,
			);
			runOnlyForDeploymentPostprocessing = 0;
		};
/* End PBXSourcesBuildPhase section */

/* Begin XCBuildConfiguration section */
		2FF1F3152B949A0F002BDF85 /* Debug */ = {
			isa = XCBuildConfiguration;
			buildSettings = {
				ALWAYS_SEARCH_USER_PATHS = NO;
				ASSETCATALOG_COMPILER_GENERATE_SWIFT_ASSET_SYMBOL_EXTENSIONS = YES;
				CLANG_ANALYZER_NONNULL = YES;
				CLANG_ANALYZER_NUMBER_OBJECT_CONVERSION = YES_AGGRESSIVE;
				CLANG_CXX_LANGUAGE_STANDARD = "gnu++20";
				CLANG_ENABLE_MODULES = YES;
				CLANG_ENABLE_OBJC_ARC = YES;
				CLANG_ENABLE_OBJC_WEAK = YES;
				CLANG_WARN_BLOCK_CAPTURE_AUTORELEASING = YES;
				CLANG_WARN_BOOL_CONVERSION = YES;
				CLANG_WARN_COMMA = YES;
				CLANG_WARN_CONSTANT_CONVERSION = YES;
				CLANG_WARN_DEPRECATED_OBJC_IMPLEMENTATIONS = YES;
				CLANG_WARN_DIRECT_OBJC_ISA_USAGE = YES_ERROR;
				CLANG_WARN_DOCUMENTATION_COMMENTS = YES;
				CLANG_WARN_EMPTY_BODY = YES;
				CLANG_WARN_ENUM_CONVERSION = YES;
				CLANG_WARN_INFINITE_RECURSION = YES;
				CLANG_WARN_INT_CONVERSION = YES;
				CLANG_WARN_NON_LITERAL_NULL_CONVERSION = YES;
				CLANG_WARN_OBJC_IMPLICIT_RETAIN_SELF = YES;
				CLANG_WARN_OBJC_LITERAL_CONVERSION = YES;
				CLANG_WARN_OBJC_ROOT_CLASS = YES_ERROR;
				CLANG_WARN_QUOTED_INCLUDE_IN_FRAMEWORK_HEADER = YES;
				CLANG_WARN_RANGE_LOOP_ANALYSIS = YES;
				CLANG_WARN_STRICT_PROTOTYPES = YES;
				CLANG_WARN_SUSPICIOUS_MOVE = YES;
				CLANG_WARN_UNGUARDED_AVAILABILITY = YES_AGGRESSIVE;
				CLANG_WARN_UNREACHABLE_CODE = YES;
				CLANG_WARN__DUPLICATE_METHOD_MATCH = YES;
				COPY_PHASE_STRIP = NO;
				DEBUG_INFORMATION_FORMAT = dwarf;
				ENABLE_STRICT_OBJC_MSGSEND = YES;
				ENABLE_TESTABILITY = YES;
				ENABLE_USER_SCRIPT_SANDBOXING = NO;
				GCC_C_LANGUAGE_STANDARD = gnu17;
				GCC_DYNAMIC_NO_PIC = NO;
				GCC_NO_COMMON_BLOCKS = YES;
				GCC_OPTIMIZATION_LEVEL = 0;
				GCC_PREPROCESSOR_DEFINITIONS = (
					"DEBUG=1",
					"$(inherited)",
				);
				GCC_WARN_64_TO_32_BIT_CONVERSION = YES;
				GCC_WARN_ABOUT_RETURN_TYPE = YES_ERROR;
				GCC_WARN_UNDECLARED_SELECTOR = YES;
				GCC_WARN_UNINITIALIZED_AUTOS = YES_AGGRESSIVE;
				GCC_WARN_UNUSED_FUNCTION = YES;
				GCC_WARN_UNUSED_VARIABLE = YES;
				INFOPLIST_KEY_LSApplicationCategoryType = "public.app-category.productivity";
				INFOPLIST_KEY_NSHumanReadableCopyright = "© 2024 RaphyTwin";
				LOCALIZATION_PREFERS_STRING_CATALOGS = YES;
				MACOSX_DEPLOYMENT_TARGET = 14.0;
				MTL_ENABLE_DEBUG_INFO = INCLUDE_SOURCE;
				MTL_FAST_MATH = YES;
				ONLY_ACTIVE_ARCH = YES;
				SDKROOT = macosx;
				SWIFT_ACTIVE_COMPILATION_CONDITIONS = "DEBUG $(inherited)";
				SWIFT_OPTIMIZATION_LEVEL = "-Onone";
			};
			name = Debug;
		};
		2FF1F3162B949A0F002BDF85 /* Release */ = {
			isa = XCBuildConfiguration;
			buildSettings = {
				ALWAYS_SEARCH_USER_PATHS = NO;
				ASSETCATALOG_COMPILER_GENERATE_SWIFT_ASSET_SYMBOL_EXTENSIONS = YES;
				CLANG_ANALYZER_NONNULL = YES;
				CLANG_ANALYZER_NUMBER_OBJECT_CONVERSION = YES_AGGRESSIVE;
				CLANG_CXX_LANGUAGE_STANDARD = "gnu++20";
				CLANG_ENABLE_MODULES = YES;
				CLANG_ENABLE_OBJC_ARC = YES;
				CLANG_ENABLE_OBJC_WEAK = YES;
				CLANG_WARN_BLOCK_CAPTURE_AUTORELEASING = YES;
				CLANG_WARN_BOOL_CONVERSION = YES;
				CLANG_WARN_COMMA = YES;
				CLANG_WARN_CONSTANT_CONVERSION = YES;
				CLANG_WARN_DEPRECATED_OBJC_IMPLEMENTATIONS = YES;
				CLANG_WARN_DIRECT_OBJC_ISA_USAGE = YES_ERROR;
				CLANG_WARN_DOCUMENTATION_COMMENTS = YES;
				CLANG_WARN_EMPTY_BODY = YES;
				CLANG_WARN_ENUM_CONVERSION = YES;
				CLANG_WARN_INFINITE_RECURSION = YES;
				CLANG_WARN_INT_CONVERSION = YES;
				CLANG_WARN_NON_LITERAL_NULL_CONVERSION = YES;
				CLANG_WARN_OBJC_IMPLICIT_RETAIN_SELF = YES;
				CLANG_WARN_OBJC_LITERAL_CONVERSION = YES;
				CLANG_WARN_OBJC_ROOT_CLASS = YES_ERROR;
				CLANG_WARN_QUOTED_INCLUDE_IN_FRAMEWORK_HEADER = YES;
				CLANG_WARN_RANGE_LOOP_ANALYSIS = YES;
				CLANG_WARN_STRICT_PROTOTYPES = YES;
				CLANG_WARN_SUSPICIOUS_MOVE = YES;
				CLANG_WARN_UNGUARDED_AVAILABILITY = YES_AGGRESSIVE;
				CLANG_WARN_UNREACHABLE_CODE = YES;
				CLANG_WARN__DUPLICATE_METHOD_MATCH = YES;
				COPY_PHASE_STRIP = NO;
				DEBUG_INFORMATION_FORMAT = "dwarf-with-dsym";
				ENABLE_NS_ASSERTIONS = NO;
				ENABLE_STRICT_OBJC_MSGSEND = YES;
				ENABLE_USER_SCRIPT_SANDBOXING = NO;
				GCC_C_LANGUAGE_STANDARD = gnu17;
				GCC_NO_COMMON_BLOCKS = YES;
				GCC_WARN_64_TO_32_BIT_CONVERSION = YES;
				GCC_WARN_ABOUT_RETURN_TYPE = YES_ERROR;
				GCC_WARN_UNDECLARED_SELECTOR = YES;
				GCC_WARN_UNINITIALIZED_AUTOS = YES_AGGRESSIVE;
				GCC_WARN_UNUSED_FUNCTION = YES;
				GCC_WARN_UNUSED_VARIABLE = YES;
				INFOPLIST_KEY_LSApplicationCategoryType = "public.app-category.productivity";
				INFOPLIST_KEY_NSHumanReadableCopyright = "© 2024 RaphyTwin";
				LOCALIZATION_PREFERS_STRING_CATALOGS = YES;
				MACOSX_DEPLOYMENT_TARGET = 14.0;
				MTL_ENABLE_DEBUG_INFO = NO;
				MTL_FAST_MATH = YES;
				SDKROOT = macosx;
				SWIFT_COMPILATION_MODE = wholemodule;
			};
			name = Release;
		};
		2FF1F3182B949A0F002BDF85 /* Debug */ = {
			isa = XCBuildConfiguration;
			buildSettings = {
				ASSETCATALOG_COMPILER_APPICON_NAME = AppIcon;
				ASSETCATALOG_COMPILER_GLOBAL_ACCENT_COLOR_NAME = AccentColor;
				CODE_SIGN_ENTITLEMENTS = Sharecord/Sharecord.entitlements;
				CODE_SIGN_STYLE = Automatic;
				COMBINE_HIDPI_IMAGES = YES;
				CURRENT_PROJECT_VERSION = 1;
				DEVELOPMENT_ASSET_PATHS = "\"Sharecord/Preview Content\"";
				ENABLE_PREVIEWS = YES;
				GENERATE_INFOPLIST_FILE = YES;
				INFOPLIST_KEY_LSUIElement = YES;
				INFOPLIST_KEY_NSHumanReadableCopyright = "© 2024 RaphyTwin";
				LD_RUNPATH_SEARCH_PATHS = (
					"$(inherited)",
					"@executable_path/../Frameworks",
				);
				MARKETING_VERSION = 1.0;
				PRODUCT_BUNDLE_IDENTIFIER = de.raphy.Sharecord;
				PRODUCT_NAME = "$(TARGET_NAME)";
				SWIFT_EMIT_LOC_STRINGS = YES;
				SWIFT_VERSION = 5.0;
			};
			name = Debug;
		};
		2FF1F3192B949A0F002BDF85 /* Release */ = {
			isa = XCBuildConfiguration;
			buildSettings = {
				ASSETCATALOG_COMPILER_APPICON_NAME = AppIcon;
				ASSETCATALOG_COMPILER_GLOBAL_ACCENT_COLOR_NAME = AccentColor;
				CODE_SIGN_ENTITLEMENTS = Sharecord/Sharecord.entitlements;
				CODE_SIGN_STYLE = Automatic;
				COMBINE_HIDPI_IMAGES = YES;
				CURRENT_PROJECT_VERSION = 1;
				DEVELOPMENT_ASSET_PATHS = "\"Sharecord/Preview Content\"";
				ENABLE_PREVIEWS = YES;
				GENERATE_INFOPLIST_FILE = YES;
				INFOPLIST_KEY_LSUIElement = YES;
				INFOPLIST_KEY_NSHumanReadableCopyright = "© 2024 RaphyTwin";
				LD_RUNPATH_SEARCH_PATHS = (
					"$(inherited)",
					"@executable_path/../Frameworks",
				);
				MARKETING_VERSION = 1.0;
				PRODUCT_BUNDLE_IDENTIFIER = de.raphy.Sharecord;
				PRODUCT_NAME = "$(TARGET_NAME)";
				SWIFT_EMIT_LOC_STRINGS = YES;
				SWIFT_VERSION = 5.0;
			};
			name = Release;
		};
/* End XCBuildConfiguration section */

/* Begin XCConfigurationList section */
		2FF1F3032B949A0E002BDF85 /* Build configuration list for PBXProject "Sharecord" */ = {
			isa = XCConfigurationList;
			buildConfigurations = (
				2FF1F3152B949A0F002BDF85 /* Debug */,
				2FF1F3162B949A0F002BDF85 /* Release */,
			);
			defaultConfigurationIsVisible = 0;
			defaultConfigurationName = Release;
		};
		2FF1F3172B949A0F002BDF85 /* Build configuration list for PBXNativeTarget "Sharecord" */ = {
			isa = XCConfigurationList;
			buildConfigurations = (
				2FF1F3182B949A0F002BDF85 /* Debug */,
				2FF1F3192B949A0F002BDF85 /* Release */,
			);
			defaultConfigurationIsVisible = 0;
			defaultConfigurationName = Release;
		};
/* End XCConfigurationList section */
	};
	rootObject = 2FF1F3002B949A0E002BDF85 /* Project object */;
}
